dependencies:
- name: redis
  repository: oci://registry-1.docker.io/bitnamicharts
  version: 25.3.0
- name: mongodb
  repository: oci://registry-1.docker.io/bitnamicharts
  version: 18.5.0
- name: elasticsearch
  repository: https://wiremind.github.io/wiremind-helm-charts
  version: 8.17.0
digest: sha256:eec48bbe4cb246e92a4d90a9604cb3da8c89b332173e566350f13a1b0812f945
generated: "2026-02-21T14:19:51.296873396+03:00"
